
Microsoft Visual Studio Solution File, Format Version 12.00
# Visual Studio Version 17
VisualStudioVersion = 17.10.35013.160
MinimumVisualStudioVersion = 10.0.40219.1
Project("{8BC9CEB8-8B4A-11D0-8D11-00A0C91BC942}") = "MIIEow", "MIIEow.vcxproj", "{BBEE9FBF-2223-44A6-9937-BEA956D06E92}"
EndProject
Global
	GlobalSection(SolutionConfigurationPlatforms) = preSolution
		Debug|ARM64 = Debug|ARM64
		Debug|x64 = Debug|x64
		Release|ARM64 = Release|ARM64
		Release|x64 = Release|x64
	EndGlobalSection
	GlobalSection(ProjectConfigurationPlatforms) = postSolution
		{BBEE9FBF-2223-44A6-9937-BEA956D06E92}.Debug|ARM64.ActiveCfg = Debug|ARM64
		{BBEE9FBF-2223-44A6-9937-BEA956D06E92}.Debug|ARM64.Build.0 = Debug|ARM64
		{BBEE9FBF-2223-44A6-9937-BEA956D06E92}.Debug|ARM64.Deploy.0 = Debug|ARM64
		{BBEE9FBF-2223-44A6-9937-BEA956D06E92}.Debug|x64.ActiveCfg = Debug|x64
		{BBEE9FBF-2223-44A6-9937-BEA956D06E92}.Debug|x64.Build.0 = Debug|x64
		{BBEE9FBF-2223-44A6-9937-BEA956D06E92}.Debug|x64.Deploy.0 = Debug|x64
		{BBEE9FBF-2223-44A6-9937-BEA956D06E92}.Release|ARM64.ActiveCfg = Release|ARM64
		{BBEE9FBF-2223-44A6-9937-BEA956D06E92}.Release|ARM64.Build.0 = Release|ARM64
		{BBEE9FBF-2223-44A6-9937-BEA956D06E92}.Release|ARM64.Deploy.0 = Release|ARM64
		{BBEE9FBF-2223-44A6-9937-BEA956D06E92}.Release|x64.ActiveCfg = Release|x64
		{BBEE9FBF-2223-44A6-9937-BEA956D06E92}.Release|x64.Build.0 = Release|x64
		{BBEE9FBF-2223-44A6-9937-BEA956D06E92}.Release|x64.Deploy.0 = Release|x64
	EndGlobalSection
	GlobalSection(SolutionProperties) = preSolution
		HideSolutionNode = FALSE
	EndGlobalSection
	GlobalSection(ExtensibilityGlobals) = postSolution
		SolutionGuid = {67AC022C-5E9C-4E21-BB55-BFE076997E2B}
	EndGlobalSection
EndGlobal
